
Microsoft Visual Studio Solution File, Format Version 12.00
# Visual Studio 15
VisualStudioVersion = 15.0.28010.2003
MinimumVisualStudioVersion = 10.0.40219.1
Project("{FAE04EC0-301F-11D3-BF4B-00C04F79EFBC}") = "PagingWPFDataGrid", "PagingWPFDataGrid\PagingWPFDataGrid.csproj", "{C6DCDEDE-B826-4298-AFBB-4DD6689A2CB8}"
EndProject
Global
	GlobalSection(SolutionConfigurationPlatforms) = preSolution
		Debug|Any CPU = Debug|Any CPU
		Release|Any CPU = Release|Any CPU
	EndGlobalSection
	GlobalSection(ProjectConfigurationPlatforms) = postSolution
		{C6DCDEDE-B826-4298-AFBB-4DD6689A2CB8}.Debug|Any CPU.ActiveCfg = Debug|Any CPU
		{C6DCDEDE-B826-4298-AFBB-4DD6689A2CB8}.Debug|Any CPU.Build.0 = Debug|Any CPU
		{C6DCDEDE-B826-4298-AFBB-4DD6689A2CB8}.Release|Any CPU.ActiveCfg = Release|Any CPU
		{C6DCDEDE-B826-4298-AFBB-4DD6689A2CB8}.Release|Any CPU.Build.0 = Release|Any CPU
	EndGlobalSection
	GlobalSection(SolutionProperties) = preSolution
		HideSolutionNode = FALSE
	EndGlobalSection
	GlobalSection(ExtensibilityGlobals) = postSolution
		SolutionGuid = {34CD48F3-5F31-4DAB-92B9-E203E76ECBD1}
	EndGlobalSection
EndGlobal
